
Microsoft Visual Studio Solution File, Format Version 12.00
# Visual Studio Version 17
VisualStudioVersion = 17.0.31903.59
MinimumVisualStudioVersion = 10.0.40219.1
Project("{2150E333-8FDC-42A3-9474-1A3956D46DE8}") = "src", "src", "{827E0CD3-B72D-47B6-A68D-7590B98EB39B}"
EndProject
Project("{FAE04EC0-301F-11D3-BF4B-00C04F79EFBC}") = "Praetor.AppHost", "src\Praetor.AppHost\Praetor.AppHost.csproj", "{7BFCDEE8-9EB9-4BBD-B114-A7F64BDF09F5}"
EndProject
Project("{FAE04EC0-301F-11D3-BF4B-00C04F79EFBC}") = "Praetor.Contracts", "src\Praetor.Contracts\Praetor.Contracts.csproj", "{DF49CA3F-A21A-4E02-A067-DA02CB3F11E5}"
EndProject
Project("{FAE04EC0-301F-11D3-BF4B-00C04F79EFBC}") = "Praetor.Grains", "src\Praetor.Grains\Praetor.Grains.csproj", "{18A8F364-2E65-49D2-AAB0-53C6DD4E52BE}"
EndProject
Project("{FAE04EC0-301F-11D3-BF4B-00C04F79EFBC}") = "Praetor.Rules", "src\Praetor.Rules\Praetor.Rules.csproj", "{F768C76E-F932-48D1-85EF-DB0004BC881F}"
EndProject
Project("{FAE04EC0-301F-11D3-BF4B-00C04F79EFBC}") = "Praetor.Ui.Client", "src\Praetor.Ui.Client\Praetor.Ui.Client.csproj", "{5F9F9440-4205-4925-940F-C074EA5C6644}"
EndProject
Project("{FAE04EC0-301F-11D3-BF4B-00C04F79EFBC}") = "Praetor.Ui.Components", "src\Praetor.Ui.Components\Praetor.Ui.Components.csproj", "{2FAA240F-EADC-4850-85D8-D5D243E69EDE}"
EndProject
Project("{FAE04EC0-301F-11D3-BF4B-00C04F79EFBC}") = "Praetor.Ui.Custodian", "src\Praetor.Ui.Custodian\Praetor.Ui.Custodian.csproj", "{DA44686B-2D10-486C-A3F8-7E1D1FC72832}"
EndProject
Project("{FAE04EC0-301F-11D3-BF4B-00C04F79EFBC}") = "Praetor.Ui.Employee", "src\Praetor.Ui.Employee\Praetor.Ui.Employee.csproj", "{1C2EEF02-2A63-4E75-B237-F382ED7E5BCB}"
EndProject
Project("{2150E333-8FDC-42A3-9474-1A3956D46DE8}") = "tools", "tools", "{07C2787E-EAC7-C090-1BA3-A61EC2A24D84}"
EndProject
Project("{FAE04EC0-301F-11D3-BF4B-00C04F79EFBC}") = "Praetor.Seed", "tools\Praetor.Seed\Praetor.Seed.csproj", "{FE5FF0A5-31BA-4AC6-97E6-18EFB844FE57}"
EndProject
Project("{2150E333-8FDC-42A3-9474-1A3956D46DE8}") = "tests", "tests", "{0AB3BF05-4346-4AA6-1389-037BE0695223}"
EndProject
Project("{FAE04EC0-301F-11D3-BF4B-00C04F79EFBC}") = "Praetor.UnitTests", "tests\Praetor.UnitTests\Praetor.UnitTests.csproj", "{FADEE51C-0EC0-40A4-9AF9-F3E1DE2CF1FE}"
EndProject
Project("{FAE04EC0-301F-11D3-BF4B-00C04F79EFBC}") = "Praetor.PlaywrightTests", "tests\Praetor.PlaywrightTests\Praetor.PlaywrightTests.csproj", "{FD36C569-19CA-4DBD-9A60-AAB772246A32}"
EndProject
Global
	GlobalSection(SolutionConfigurationPlatforms) = preSolution
		Debug|Any CPU = Debug|Any CPU
		Debug|x64 = Debug|x64
		Debug|x86 = Debug|x86
		Release|Any CPU = Release|Any CPU
		Release|x64 = Release|x64
		Release|x86 = Release|x86
	EndGlobalSection
	GlobalSection(ProjectConfigurationPlatforms) = postSolution
		{7BFCDEE8-9EB9-4BBD-B114-A7F64BDF09F5}.Debug|Any CPU.ActiveCfg = Debug|Any CPU
		{7BFCDEE8-9EB9-4BBD-B114-A7F64BDF09F5}.Debug|Any CPU.Build.0 = Debug|Any CPU
		{7BFCDEE8-9EB9-4BBD-B114-A7F64BDF09F5}.Debug|x64.ActiveCfg = Debug|Any CPU
		{7BFCDEE8-9EB9-4BBD-B114-A7F64BDF09F5}.Debug|x64.Build.0 = Debug|Any CPU
		{7BFCDEE8-9EB9-4BBD-B114-A7F64BDF09F5}.Debug|x86.ActiveCfg = Debug|Any CPU
		{7BFCDEE8-9EB9-4BBD-B114-A7F64BDF09F5}.Debug|x86.Build.0 = Debug|Any CPU
		{7BFCDEE8-9EB9-4BBD-B114-A7F64BDF09F5}.Release|Any CPU.ActiveCfg = Release|Any CPU
		{7BFCDEE8-9EB9-4BBD-B114-A7F64BDF09F5}.Release|Any CPU.Build.0 = Release|Any CPU
		{7BFCDEE8-9EB9-4BBD-B114-A7F64BDF09F5}.Release|x64.ActiveCfg = Release|Any CPU
		{7BFCDEE8-9EB9-4BBD-B114-A7F64BDF09F5}.Release|x64.Build.0 = Release|Any CPU
		{7BFCDEE8-9EB9-4BBD-B114-A7F64BDF09F5}.Release|x86.ActiveCfg = Release|Any CPU
		{7BFCDEE8-9EB9-4BBD-B114-A7F64BDF09F5}.Release|x86.Build.0 = Release|Any CPU
		{DF49CA3F-A21A-4E02-A067-DA02CB3F11E5}.Debug|Any CPU.ActiveCfg = Debug|Any CPU
		{DF49CA3F-A21A-4E02-A067-DA02CB3F11E5}.Debug|Any CPU.Build.0 = Debug|Any CPU
		{DF49CA3F-A21A-4E02-A067-DA02CB3F11E5}.Debug|x64.ActiveCfg = Debug|Any CPU
		{DF49CA3F-A21A-4E02-A067-DA02CB3F11E5}.Debug|x64.Build.0 = Debug|Any CPU
		{DF49CA3F-A21A-4E02-A067-DA02CB3F11E5}.Debug|x86.ActiveCfg = Debug|Any CPU
		{DF49CA3F-A21A-4E02-A067-DA02CB3F11E5}.Debug|x86.Build.0 = Debug|Any CPU
		{DF49CA3F-A21A-4E02-A067-DA02CB3F11E5}.Release|Any CPU.ActiveCfg = Release|Any CPU
		{DF49CA3F-A21A-4E02-A067-DA02CB3F11E5}.Release|Any CPU.Build.0 = Release|Any CPU
		{DF49CA3F-A21A-4E02-A067-DA02CB3F11E5}.Release|x64.ActiveCfg = Release|Any CPU
		{DF49CA3F-A21A-4E02-A067-DA02CB3F11E5}.Release|x64.Build.0 = Release|Any CPU
		{DF49CA3F-A21A-4E02-A067-DA02CB3F11E5}.Release|x86.ActiveCfg = Release|Any CPU
		{DF49CA3F-A21A-4E02-A067-DA02CB3F11E5}.Release|x86.Build.0 = Release|Any CPU
		{18A8F364-2E65-49D2-AAB0-53C6DD4E52BE}.Debug|Any CPU.ActiveCfg = Debug|Any CPU
		{18A8F364-2E65-49D2-AAB0-53C6DD4E52BE}.Debug|Any CPU.Build.0 = Debug|Any CPU
		{18A8F364-2E65-49D2-AAB0-53C6DD4E52BE}.Debug|x64.ActiveCfg = Debug|Any CPU
		{18A8F364-2E65-49D2-AAB0-53C6DD4E52BE}.Debug|x64.Build.0 = Debug|Any CPU
		{18A8F364-2E65-49D2-AAB0-53C6DD4E52BE}.Debug|x86.ActiveCfg = Debug|Any CPU
		{18A8F364-2E65-49D2-AAB0-53C6DD4E52BE}.Debug|x86.Build.0 = Debug|Any CPU
		{18A8F364-2E65-49D2-AAB0-53C6DD4E52BE}.Release|Any CPU.ActiveCfg = Release|Any CPU
		{18A8F364-2E65-49D2-AAB0-53C6DD4E52BE}.Release|Any CPU.Build.0 = Release|Any CPU
		{18A8F364-2E65-49D2-AAB0-53C6DD4E52BE}.Release|x64.ActiveCfg = Release|Any CPU
		{18A8F364-2E65-49D2-AAB0-53C6DD4E52BE}.Release|x64.Build.0 = Release|Any CPU
		{18A8F364-2E65-49D2-AAB0-53C6DD4E52BE}.Release|x86.ActiveCfg = Release|Any CPU
		{18A8F364-2E65-49D2-AAB0-53C6DD4E52BE}.Release|x86.Build.0 = Release|Any CPU
		{F768C76E-F932-48D1-85EF-DB0004BC881F}.Debug|Any CPU.ActiveCfg = Debug|Any CPU
		{F768C76E-F932-48D1-85EF-DB0004BC881F}.Debug|Any CPU.Build.0 = Debug|Any CPU
		{F768C76E-F932-48D1-85EF-DB0004BC881F}.Debug|x64.ActiveCfg = Debug|Any CPU
		{F768C76E-F932-48D1-85EF-DB0004BC881F}.Debug|x64.Build.0 = Debug|Any CPU
		{F768C76E-F932-48D1-85EF-DB0004BC881F}.Debug|x86.ActiveCfg = Debug|Any CPU
		{F768C76E-F932-48D1-85EF-DB0004BC881F}.Debug|x86.Build.0 = Debug|Any CPU
		{F768C76E-F932-48D1-85EF-DB0004BC881F}.Release|Any CPU.ActiveCfg = Release|Any CPU
		{F768C76E-F932-48D1-85EF-DB0004BC881F}.Release|Any CPU.Build.0 = Release|Any CPU
		{F768C76E-F932-48D1-85EF-DB0004BC881F}.Release|x64.ActiveCfg = Release|Any CPU
		{F768C76E-F932-48D1-85EF-DB0004BC881F}.Release|x64.Build.0 = Release|Any CPU
		{F768C76E-F932-48D1-85EF-DB0004BC881F}.Release|x86.ActiveCfg = Release|Any CPU
		{F768C76E-F932-48D1-85EF-DB0004BC881F}.Release|x86.Build.0 = Release|Any CPU
		{5F9F9440-4205-4925-940F-C074EA5C6644}.Debug|Any CPU.ActiveCfg = Debug|Any CPU
		{5F9F9440-4205-4925-940F-C074EA5C6644}.Debug|Any CPU.Build.0 = Debug|Any CPU
		{5F9F9440-4205-4925-940F-C074EA5C6644}.Debug|x64.ActiveCfg = Debug|Any CPU
		{5F9F9440-4205-4925-940F-C074EA5C6644}.Debug|x64.Build.0 = Debug|Any CPU
		{5F9F9440-4205-4925-940F-C074EA5C6644}.Debug|x86.ActiveCfg = Debug|Any CPU
		{5F9F9440-4205-4925-940F-C074EA5C6644}.Debug|x86.Build.0 = Debug|Any CPU
		{5F9F9440-4205-4925-940F-C074EA5C6644}.Release|Any CPU.ActiveCfg = Release|Any CPU
		{5F9F9440-4205-4925-940F-C074EA5C6644}.Release|Any CPU.Build.0 = Release|Any CPU
		{5F9F9440-4205-4925-940F-C074EA5C6644}.Release|x64.ActiveCfg = Release|Any CPU
		{5F9F9440-4205-4925-940F-C074EA5C6644}.Release|x64.Build.0 = Release|Any CPU
		{5F9F9440-4205-4925-940F-C074EA5C6644}.Release|x86.ActiveCfg = Release|Any CPU
		{5F9F9440-4205-4925-940F-C074EA5C6644}.Release|x86.Build.0 = Release|Any CPU
		{2FAA240F-EADC-4850-85D8-D5D243E69EDE}.Debug|Any CPU.ActiveCfg = Debug|Any CPU
		{2FAA240F-EADC-4850-85D8-D5D243E69EDE}.Debug|Any CPU.Build.0 = Debug|Any CPU
		{2FAA240F-EADC-4850-85D8-D5D243E69EDE}.Debug|x64.ActiveCfg = Debug|Any CPU
		{2FAA240F-EADC-4850-85D8-D5D243E69EDE}.Debug|x64.Build.0 = Debug|Any CPU
		{2FAA240F-EADC-4850-85D8-D5D243E69EDE}.Debug|x86.ActiveCfg = Debug|Any CPU
		{2FAA240F-EADC-4850-85D8-D5D243E69EDE}.Debug|x86.Build.0 = Debug|Any CPU
		{2FAA240F-EADC-4850-85D8-D5D243E69EDE}.Release|Any CPU.ActiveCfg = Release|Any CPU
		{2FAA240F-EADC-4850-85D8-D5D243E69EDE}.Release|Any CPU.Build.0 = Release|Any CPU
		{2FAA240F-EADC-4850-85D8-D5D243E69EDE}.Release|x64.ActiveCfg = Release|Any CPU
		{2FAA240F-EADC-4850-85D8-D5D243E69EDE}.Release|x64.Build.0 = Release|Any CPU
		{2FAA240F-EADC-4850-85D8-D5D243E69EDE}.Release|x86.ActiveCfg = Release|Any CPU
		{2FAA240F-EADC-4850-85D8-D5D243E69EDE}.Release|x86.Build.0 = Release|Any CPU
		{DA44686B-2D10-486C-A3F8-7E1D1FC72832}.Debug|Any CPU.ActiveCfg = Debug|Any CPU
		{DA44686B-2D10-486C-A3F8-7E1D1FC72832}.Debug|Any CPU.Build.0 = Debug|Any CPU
		{DA44686B-2D10-486C-A3F8-7E1D1FC72832}.Debug|x64.ActiveCfg = Debug|Any CPU
		{DA44686B-2D10-486C-A3F8-7E1D1FC72832}.Debug|x64.Build.0 = Debug|Any CPU
		{DA44686B-2D10-486C-A3F8-7E1D1FC72832}.Debug|x86.ActiveCfg = Debug|Any CPU
		{DA44686B-2D10-486C-A3F8-7E1D1FC72832}.Debug|x86.Build.0 = Debug|Any CPU
		{DA44686B-2D10-486C-A3F8-7E1D1FC72832}.Release|Any CPU.ActiveCfg = Release|Any CPU
		{DA44686B-2D10-486C-A3F8-7E1D1FC72832}.Release|Any CPU.Build.0 = Release|Any CPU
		{DA44686B-2D10-486C-A3F8-7E1D1FC72832}.Release|x64.ActiveCfg = Release|Any CPU
		{DA44686B-2D10-486C-A3F8-7E1D1FC72832}.Release|x64.Build.0 = Release|Any CPU
		{DA44686B-2D10-486C-A3F8-7E1D1FC72832}.Release|x86.ActiveCfg = Release|Any CPU
		{DA44686B-2D10-486C-A3F8-7E1D1FC72832}.Release|x86.Build.0 = Release|Any CPU
		{1C2EEF02-2A63-4E75-B237-F382ED7E5BCB}.Debug|Any CPU.ActiveCfg = Debug|Any CPU
		{1C2EEF02-2A63-4E75-B237-F382ED7E5BCB}.Debug|Any CPU.Build.0 = Debug|Any CPU
		{1C2EEF02-2A63-4E75-B237-F382ED7E5BCB}.Debug|x64.ActiveCfg = Debug|Any CPU
		{1C2EEF02-2A63-4E75-B237-F382ED7E5BCB}.Debug|x64.Build.0 = Debug|Any CPU
		{1C2EEF02-2A63-4E75-B237-F382ED7E5BCB}.Debug|x86.ActiveCfg = Debug|Any CPU
		{1C2EEF02-2A63-4E75-B237-F382ED7E5BCB}.Debug|x86.Build.0 = Debug|Any CPU
		{1C2EEF02-2A63-4E75-B237-F382ED7E5BCB}.Release|Any CPU.ActiveCfg = Release|Any CPU
		{1C2EEF02-2A63-4E75-B237-F382ED7E5BCB}.Release|Any CPU.Build.0 = Release|Any CPU
		{1C2EEF02-2A63-4E75-B237-F382ED7E5BCB}.Release|x64.ActiveCfg = Release|Any CPU
		{1C2EEF02-2A63-4E75-B237-F382ED7E5BCB}.Release|x64.Build.0 = Release|Any CPU
		{1C2EEF02-2A63-4E75-B237-F382ED7E5BCB}.Release|x86.ActiveCfg = Release|Any CPU
		{1C2EEF02-2A63-4E75-B237-F382ED7E5BCB}.Release|x86.Build.0 = Release|Any CPU
		{FE5FF0A5-31BA-4AC6-97E6-18EFB844FE57}.Debug|Any CPU.ActiveCfg = Debug|Any CPU
		{FE5FF0A5-31BA-4AC6-97E6-18EFB844FE57}.Debug|Any CPU.Build.0 = Debug|Any CPU
		{FE5FF0A5-31BA-4AC6-97E6-18EFB844FE57}.Debug|x64.ActiveCfg = Debug|Any CPU
		{FE5FF0A5-31BA-4AC6-97E6-18EFB844FE57}.Debug|x64.Build.0 = Debug|Any CPU
		{FE5FF0A5-31BA-4AC6-97E6-18EFB844FE57}.Debug|x86.ActiveCfg = Debug|Any CPU
		{FE5FF0A5-31BA-4AC6-97E6-18EFB844FE57}.Debug|x86.Build.0 = Debug|Any CPU
		{FE5FF0A5-31BA-4AC6-97E6-18EFB844FE57}.Release|Any CPU.ActiveCfg = Release|Any CPU
		{FE5FF0A5-31BA-4AC6-97E6-18EFB844FE57}.Release|Any CPU.Build.0 = Release|Any CPU
		{FE5FF0A5-31BA-4AC6-97E6-18EFB844FE57}.Release|x64.ActiveCfg = Release|Any CPU
		{FE5FF0A5-31BA-4AC6-97E6-18EFB844FE57}.Release|x64.Build.0 = Release|Any CPU
		{FE5FF0A5-31BA-4AC6-97E6-18EFB844FE57}.Release|x86.ActiveCfg = Release|Any CPU
		{FE5FF0A5-31BA-4AC6-97E6-18EFB844FE57}.Release|x86.Build.0 = Release|Any CPU
		{FADEE51C-0EC0-40A4-9AF9-F3E1DE2CF1FE}.Debug|Any CPU.ActiveCfg = Debug|Any CPU
		{FADEE51C-0EC0-40A4-9AF9-F3E1DE2CF1FE}.Debug|Any CPU.Build.0 = Debug|Any CPU
		{FADEE51C-0EC0-40A4-9AF9-F3E1DE2CF1FE}.Debug|x64.ActiveCfg = Debug|Any CPU
		{FADEE51C-0EC0-40A4-9AF9-F3E1DE2CF1FE}.Debug|x64.Build.0 = Debug|Any CPU
		{FADEE51C-0EC0-40A4-9AF9-F3E1DE2CF1FE}.Debug|x86.ActiveCfg = Debug|Any CPU
		{FADEE51C-0EC0-40A4-9AF9-F3E1DE2CF1FE}.Debug|x86.Build.0 = Debug|Any CPU
		{FADEE51C-0EC0-40A4-9AF9-F3E1DE2CF1FE}.Release|Any CPU.ActiveCfg = Release|Any CPU
		{FADEE51C-0EC0-40A4-9AF9-F3E1DE2CF1FE}.Release|Any CPU.Build.0 = Release|Any CPU
		{FADEE51C-0EC0-40A4-9AF9-F3E1DE2CF1FE}.Release|x64.ActiveCfg = Release|Any CPU
		{FADEE51C-0EC0-40A4-9AF9-F3E1DE2CF1FE}.Release|x64.Build.0 = Release|Any CPU
		{FADEE51C-0EC0-40A4-9AF9-F3E1DE2CF1FE}.Release|x86.ActiveCfg = Release|Any CPU
		{FADEE51C-0EC0-40A4-9AF9-F3E1DE2CF1FE}.Release|x86.Build.0 = Release|Any CPU
		{FD36C569-19CA-4DBD-9A60-AAB772246A32}.Debug|Any CPU.ActiveCfg = Debug|Any CPU
		{FD36C569-19CA-4DBD-9A60-AAB772246A32}.Debug|Any CPU.Build.0 = Debug|Any CPU
		{FD36C569-19CA-4DBD-9A60-AAB772246A32}.Debug|x64.ActiveCfg = Debug|Any CPU
		{FD36C569-19CA-4DBD-9A60-AAB772246A32}.Debug|x64.Build.0 = Debug|Any CPU
		{FD36C569-19CA-4DBD-9A60-AAB772246A32}.Debug|x86.ActiveCfg = Debug|Any CPU
		{FD36C569-19CA-4DBD-9A60-AAB772246A32}.Debug|x86.Build.0 = Debug|Any CPU
		{FD36C569-19CA-4DBD-9A60-AAB772246A32}.Release|Any CPU.ActiveCfg = Release|Any CPU
		{FD36C569-19CA-4DBD-9A60-AAB772246A32}.Release|Any CPU.Build.0 = Release|Any CPU
		{FD36C569-19CA-4DBD-9A60-AAB772246A32}.Release|x64.ActiveCfg = Release|Any CPU
		{FD36C569-19CA-4DBD-9A60-AAB772246A32}.Release|x64.Build.0 = Release|Any CPU
		{FD36C569-19CA-4DBD-9A60-AAB772246A32}.Release|x86.ActiveCfg = Release|Any CPU
		{FD36C569-19CA-4DBD-9A60-AAB772246A32}.Release|x86.Build.0 = Release|Any CPU
	EndGlobalSection
	GlobalSection(SolutionProperties) = preSolution
		HideSolutionNode = FALSE
	EndGlobalSection
	GlobalSection(NestedProjects) = preSolution
		{7BFCDEE8-9EB9-4BBD-B114-A7F64BDF09F5} = {827E0CD3-B72D-47B6-A68D-7590B98EB39B}
		{DF49CA3F-A21A-4E02-A067-DA02CB3F11E5} = {827E0CD3-B72D-47B6-A68D-7590B98EB39B}
		{18A8F364-2E65-49D2-AAB0-53C6DD4E52BE} = {827E0CD3-B72D-47B6-A68D-7590B98EB39B}
		{F768C76E-F932-48D1-85EF-DB0004BC881F} = {827E0CD3-B72D-47B6-A68D-7590B98EB39B}
		{5F9F9440-4205-4925-940F-C074EA5C6644} = {827E0CD3-B72D-47B6-A68D-7590B98EB39B}
		{2FAA240F-EADC-4850-85D8-D5D243E69EDE} = {827E0CD3-B72D-47B6-A68D-7590B98EB39B}
		{DA44686B-2D10-486C-A3F8-7E1D1FC72832} = {827E0CD3-B72D-47B6-A68D-7590B98EB39B}
		{1C2EEF02-2A63-4E75-B237-F382ED7E5BCB} = {827E0CD3-B72D-47B6-A68D-7590B98EB39B}
		{FE5FF0A5-31BA-4AC6-97E6-18EFB844FE57} = {07C2787E-EAC7-C090-1BA3-A61EC2A24D84}
		{FADEE51C-0EC0-40A4-9AF9-F3E1DE2CF1FE} = {0AB3BF05-4346-4AA6-1389-037BE0695223}
		{FD36C569-19CA-4DBD-9A60-AAB772246A32} = {0AB3BF05-4346-4AA6-1389-037BE0695223}
	EndGlobalSection
EndGlobal
